
Microsoft Visual Studio Solution File, Format Version 12.00
# Visual Studio Version 17
VisualStudioVersion = 17.14.36623.8 d17.14
MinimumVisualStudioVersion = 10.0.40219.1
Project("{FAE04EC0-301F-11D3-BF4B-00C04F79EFBC}") = "IP", "IP\IP.csproj", "{3EB957DD-3395-4741-8F8F-EF1731D39C0F}"
EndProject
Global
	GlobalSection(SolutionConfigurationPlatforms) = preSolution
		Debug|Any CPU = Debug|Any CPU
		Release|Any CPU = Release|Any CPU
	EndGlobalSection
	GlobalSection(ProjectConfigurationPlatforms) = postSolution
		{3EB957DD-3395-4741-8F8F-EF1731D39C0F}.Debug|Any CPU.ActiveCfg = Debug|Any CPU
		{3EB957DD-3395-4741-8F8F-EF1731D39C0F}.Debug|Any CPU.Build.0 = Debug|Any CPU
		{3EB957DD-3395-4741-8F8F-EF1731D39C0F}.Release|Any CPU.ActiveCfg = Release|Any CPU
		{3EB957DD-3395-4741-8F8F-EF1731D39C0F}.Release|Any CPU.Build.0 = Release|Any CPU
	EndGlobalSection
	GlobalSection(SolutionProperties) = preSolution
		HideSolutionNode = FALSE
	EndGlobalSection
	GlobalSection(ExtensibilityGlobals) = postSolution
		SolutionGuid = {4B3508A1-CDDE-43DD-8A79-6E0B41CBE226}
	EndGlobalSection
EndGlobal
